
Microsoft Visual Studio Solution File, Format Version 12.00
# Visual Studio Version 18
VisualStudioVersion = 18.3.11505.172 d18.3
MinimumVisualStudioVersion = 10.0.40219.1
Project("{FAE04EC0-301F-11D3-BF4B-00C04F79EFBC}") = "NetworkSpeedTest", "NetworkSpeedTest.csproj", "{49A686CE-463D-BBF8-701C-9B1399557C81}"
EndProject
Global
	GlobalSection(SolutionConfigurationPlatforms) = preSolution
		Debug|Any CPU = Debug|Any CPU
		Release|Any CPU = Release|Any CPU
	EndGlobalSection
	GlobalSection(ProjectConfigurationPlatforms) = postSolution
		{49A686CE-463D-BBF8-701C-9B1399557C81}.Debug|Any CPU.ActiveCfg = Debug|Any CPU
		{49A686CE-463D-BBF8-701C-9B1399557C81}.Debug|Any CPU.Build.0 = Debug|Any CPU
		{49A686CE-463D-BBF8-701C-9B1399557C81}.Release|Any CPU.ActiveCfg = Release|Any CPU
		{49A686CE-463D-BBF8-701C-9B1399557C81}.Release|Any CPU.Build.0 = Release|Any CPU
	EndGlobalSection
	GlobalSection(SolutionProperties) = preSolution
		HideSolutionNode = FALSE
	EndGlobalSection
	GlobalSection(ExtensibilityGlobals) = postSolution
		SolutionGuid = {6A3BF189-721B-4641-B242-D4FB62AD5BF4}
	EndGlobalSection
EndGlobal
